
Microsoft Visual Studio Solution File, Format Version 12.00
# Visual Studio Version 17
VisualStudioVersion = 17.3.32825.248
MinimumVisualStudioVersion = 10.0.40219.1
Project("{FAE04EC0-301F-11D3-BF4B-00C04F79EFBC}") = "func2", "func2\func2.csproj", "{84676298-3FD8-4D37-97D9-57C8C1BE973B}"
EndProject
Global
	GlobalSection(SolutionConfigurationPlatforms) = preSolution
		Debug|Any CPU = Debug|Any CPU
		Release|Any CPU = Release|Any CPU
	EndGlobalSection
	GlobalSection(ProjectConfigurationPlatforms) = postSolution
		{84676298-3FD8-4D37-97D9-57C8C1BE973B}.Debug|Any CPU.ActiveCfg = Debug|Any CPU
		{84676298-3FD8-4D37-97D9-57C8C1BE973B}.Debug|Any CPU.Build.0 = Debug|Any CPU
		{84676298-3FD8-4D37-97D9-57C8C1BE973B}.Release|Any CPU.ActiveCfg = Release|Any CPU
		{84676298-3FD8-4D37-97D9-57C8C1BE973B}.Release|Any CPU.Build.0 = Release|Any CPU
	EndGlobalSection
	GlobalSection(SolutionProperties) = preSolution
		HideSolutionNode = FALSE
	EndGlobalSection
	GlobalSection(ExtensibilityGlobals) = postSolution
		SolutionGuid = {F4D51C1A-FF97-42F8-B437-5BA83E608E09}
	EndGlobalSection
EndGlobal
